
Microsoft Visual Studio Solution File, Format Version 12.00
# Visual Studio Version 17
VisualStudioVersion = 17.14.36623.8 d17.14
MinimumVisualStudioVersion = 10.0.40219.1
Project("{FAE04EC0-301F-11D3-BF4B-00C04F79EFBC}") = "Microservicio.Catalogo.Api", "Microservicio.Catalogo.Api.csproj", "{D660776D-2612-45A4-8931-070A7B678AAE}"
EndProject
Global
	GlobalSection(SolutionConfigurationPlatforms) = preSolution
		Debug|Any CPU = Debug|Any CPU
		Release|Any CPU = Release|Any CPU
	EndGlobalSection
	GlobalSection(ProjectConfigurationPlatforms) = postSolution
		{D660776D-2612-45A4-8931-070A7B678AAE}.Debug|Any CPU.ActiveCfg = Debug|Any CPU
		{D660776D-2612-45A4-8931-070A7B678AAE}.Debug|Any CPU.Build.0 = Debug|Any CPU
		{D660776D-2612-45A4-8931-070A7B678AAE}.Release|Any CPU.ActiveCfg = Release|Any CPU
		{D660776D-2612-45A4-8931-070A7B678AAE}.Release|Any CPU.Build.0 = Release|Any CPU
	EndGlobalSection
	GlobalSection(SolutionProperties) = preSolution
		HideSolutionNode = FALSE
	EndGlobalSection
	GlobalSection(ExtensibilityGlobals) = postSolution
		SolutionGuid = {E8643C51-340E-4029-9BB6-18A3635ED8D6}
	EndGlobalSection
EndGlobal
